
Microsoft Visual Studio Solution File, Format Version 12.00
Project("{FAE04EC0-301F-11D3-BF4B-00C04F79EFBC}") = "HelloWorld", "HelloWorld.csproj", "{FBB8EC64-85F8-4C93-9394-75D435EA094F}"
EndProject
Global
	GlobalSection(SolutionConfigurationPlatforms) = preSolution
		Debug|Any CPU = Debug|Any CPU
		Release|Any CPU = Release|Any CPU
	EndGlobalSection
	GlobalSection(ProjectConfigurationPlatforms) = postSolution
		{FBB8EC64-85F8-4C93-9394-75D435EA094F}.Debug|Any CPU.ActiveCfg = Debug|Any CPU
		{FBB8EC64-85F8-4C93-9394-75D435EA094F}.Debug|Any CPU.Build.0 = Debug|Any CPU
		{FBB8EC64-85F8-4C93-9394-75D435EA094F}.Release|Any CPU.ActiveCfg = Release|Any CPU
		{FBB8EC64-85F8-4C93-9394-75D435EA094F}.Release|Any CPU.Build.0 = Release|Any CPU
	EndGlobalSection
EndGlobal
