
Microsoft Visual Studio Solution File, Format Version 12.00
Project("{FAE04EC0-301F-11D3-BF4B-00C04F79EFBC}") = "TicTacToe", "TicTacToe\TicTacToe.csproj", "{DFF4AD9B-A297-4DC6-916C-14C2584971FD}"
EndProject
Global
	GlobalSection(SolutionConfigurationPlatforms) = preSolution
		Debug|Any CPU = Debug|Any CPU
		Release|Any CPU = Release|Any CPU
	EndGlobalSection
	GlobalSection(ProjectConfigurationPlatforms) = postSolution
		{DFF4AD9B-A297-4DC6-916C-14C2584971FD}.Debug|Any CPU.ActiveCfg = Debug|Any CPU
		{DFF4AD9B-A297-4DC6-916C-14C2584971FD}.Debug|Any CPU.Build.0 = Debug|Any CPU
		{DFF4AD9B-A297-4DC6-916C-14C2584971FD}.Release|Any CPU.ActiveCfg = Release|Any CPU
		{DFF4AD9B-A297-4DC6-916C-14C2584971FD}.Release|Any CPU.Build.0 = Release|Any CPU
	EndGlobalSection
EndGlobal
